
Microsoft Visual Studio Solution File, Format Version 12.00
# Visual Studio 14
VisualStudioVersion = 14.0.23107.0
MinimumVisualStudioVersion = 10.0.40219.1
Project("{FAE04EC0-301F-11D3-BF4B-00C04F79EFBC}") = "DXApplication1", "DXApplication1\DXApplication1.csproj", "{7850138B-3DE1-44FD-B712-ECE9EC5E6850}"
EndProject
Project("{FAE04EC0-301F-11D3-BF4B-00C04F79EFBC}") = "DAL", "DAL\DAL.csproj", "{181DB877-01EC-48E0-860B-F591EECAF8E5}"
EndProject
Project("{FAE04EC0-301F-11D3-BF4B-00C04F79EFBC}") = "BUS", "BUS\BUS.csproj", "{27C93606-B9FC-4B8F-A555-EDBBC949CECF}"
EndProject
Project("{FAE04EC0-301F-11D3-BF4B-00C04F79EFBC}") = "DTO", "DTO\DTO.csproj", "{26896196-B4BD-4B54-A3E9-00F0283A23AD}"
EndProject
Global
	GlobalSection(SolutionConfigurationPlatforms) = preSolution
		Debug|Any CPU = Debug|Any CPU
		Release|Any CPU = Release|Any CPU
	EndGlobalSection
	GlobalSection(ProjectConfigurationPlatforms) = postSolution
		{7850138B-3DE1-44FD-B712-ECE9EC5E6850}.Debug|Any CPU.ActiveCfg = Debug|Any CPU
		{7850138B-3DE1-44FD-B712-ECE9EC5E6850}.Debug|Any CPU.Build.0 = Debug|Any CPU
		{7850138B-3DE1-44FD-B712-ECE9EC5E6850}.Release|Any CPU.ActiveCfg = Release|Any CPU
		{7850138B-3DE1-44FD-B712-ECE9EC5E6850}.Release|Any CPU.Build.0 = Release|Any CPU
		{181DB877-01EC-48E0-860B-F591EECAF8E5}.Debug|Any CPU.ActiveCfg = Debug|Any CPU
		{181DB877-01EC-48E0-860B-F591EECAF8E5}.Debug|Any CPU.Build.0 = Debug|Any CPU
		{181DB877-01EC-48E0-860B-F591EECAF8E5}.Release|Any CPU.ActiveCfg = Release|Any CPU
		{181DB877-01EC-48E0-860B-F591EECAF8E5}.Release|Any CPU.Build.0 = Release|Any CPU
		{27C93606-B9FC-4B8F-A555-EDBBC949CECF}.Debug|Any CPU.ActiveCfg = Debug|Any CPU
		{27C93606-B9FC-4B8F-A555-EDBBC949CECF}.Debug|Any CPU.Build.0 = Debug|Any CPU
		{27C93606-B9FC-4B8F-A555-EDBBC949CECF}.Release|Any CPU.ActiveCfg = Release|Any CPU
		{27C93606-B9FC-4B8F-A555-EDBBC949CECF}.Release|Any CPU.Build.0 = Release|Any CPU
		{26896196-B4BD-4B54-A3E9-00F0283A23AD}.Debug|Any CPU.ActiveCfg = Debug|Any CPU
		{26896196-B4BD-4B54-A3E9-00F0283A23AD}.Debug|Any CPU.Build.0 = Debug|Any CPU
		{26896196-B4BD-4B54-A3E9-00F0283A23AD}.Release|Any CPU.ActiveCfg = Release|Any CPU
		{26896196-B4BD-4B54-A3E9-00F0283A23AD}.Release|Any CPU.Build.0 = Release|Any CPU
	EndGlobalSection
	GlobalSection(SolutionProperties) = preSolution
		HideSolutionNode = FALSE
	EndGlobalSection
EndGlobal
